# THIS IS AN AUTOGENERATED FILE. DO NOT EDIT THIS FILE DIRECTLY.
# yarn lockfile v1


"@csstools/convert-colors@^1.4.0":
  version "1.4.0"
  resolved "https://pkgs.dev.azure.com/dev-market/_packaging/market/npm/registry/@csstools/convert-colors/-/convert-colors-1.4.0.tgz"

"@fullhuman/postcss-purgecss@2.1.0":
  version "2.1.0"
  resolved "https://pkgs.dev.azure.com/dev-market/_packaging/market/npm/registry/@fullhuman/postcss-purgecss/-/postcss-purgecss-2.1.0.tgz"
  dependencies:
    postcss "7.0.27"
    purgecss "^2.1.0"

"@next/env@12.1.0":
  version "12.1.0"
  resolved "https://registry.yarnpkg.com/@next/env/-/env-12.1.0.tgz#73713399399b34aa5a01771fb73272b55b22c314"

"@next/swc-android-arm64@12.1.0":
  version "12.1.0"
  resolved "https://registry.yarnpkg.com/@next/swc-android-arm64/-/swc-android-arm64-12.1.0.tgz#865ba3a9afc204ff2bdeea49dd64d58705007a39"

"@next/swc-darwin-arm64@12.1.0":
  version "12.1.0"
  resolved "https://registry.yarnpkg.com/@next/swc-darwin-arm64/-/swc-darwin-arm64-12.1.0.tgz#08e8b411b8accd095009ed12efbc2f1d4d547135"

"@next/swc-darwin-x64@12.1.0":
  version "12.1.0"
  resolved "https://registry.yarnpkg.com/@next/swc-darwin-x64/-/swc-darwin-x64-12.1.0.tgz#fcd684497a76e8feaca88db3c394480ff0b007cd"

"@next/swc-linux-arm-gnueabihf@12.1.0":
  version "12.1.0"
  resolved "https://registry.yarnpkg.com/@next/swc-linux-arm-gnueabihf/-/swc-linux-arm-gnueabihf-12.1.0.tgz#9ec6380a27938a5799aaa6035c205b3c478468a7"

"@next/swc-linux-arm64-gnu@12.1.0":
  version "12.1.0"
  resolved "https://registry.yarnpkg.com/@next/swc-linux-arm64-gnu/-/swc-linux-arm64-gnu-12.1.0.tgz#7f4196dff1049cea479607c75b81033ae2dbd093"

"@next/swc-linux-arm64-musl@12.1.0":
  version "12.1.0"
  resolved "https://registry.yarnpkg.com/@next/swc-linux-arm64-musl/-/swc-linux-arm64-musl-12.1.0.tgz#b445f767569cdc2dddee785ca495e1a88c025566"

"@next/swc-linux-x64-gnu@12.1.0":
  version "12.1.0"
  resolved "https://registry.yarnpkg.com/@next/swc-linux-x64-gnu/-/swc-linux-x64-gnu-12.1.0.tgz#67610e9be4fbc987de7535f1bcb17e45fe12f90e"

"@next/swc-linux-x64-musl@12.1.0":
  version "12.1.0"
  resolved "https://registry.yarnpkg.com/@next/swc-linux-x64-musl/-/swc-linux-x64-musl-12.1.0.tgz#ea19a23db08a9f2e34ac30401f774cf7d1669d31"

"@next/swc-win32-arm64-msvc@12.1.0":
  version "12.1.0"
  resolved "https://registry.yarnpkg.com/@next/swc-win32-arm64-msvc/-/swc-win32-arm64-msvc-12.1.0.tgz#eadf054fc412085659b98e145435bbba200b5283"

"@next/swc-win32-ia32-msvc@12.1.0":
  version "12.1.0"
  resolved "https://registry.yarnpkg.com/@next/swc-win32-ia32-msvc/-/swc-win32-ia32-msvc-12.1.0.tgz#68faeae10c89f698bf9d28759172b74c9c21bda1"

"@next/swc-win32-x64-msvc@12.1.0":
  version "12.1.0"
  resolved "https://registry.yarnpkg.com/@next/swc-win32-x64-msvc/-/swc-win32-x64-msvc-12.1.0.tgz#d27e7e76c87a460a4da99c5bfdb1618dcd6cd064"

"@types/color-name@^1.1.1":
  version "1.1.1"
  resolved "https://pkgs.dev.azure.com/dev-market/_packaging/market/npm/registry/@types/color-name/-/color-name-1.1.1.tgz"

"@types/node@16.3.1":
  version "16.3.1"
  resolved "https://registry.npmjs.org/@types/node/-/node-16.3.1.tgz"

"@types/prop-types@*":
  version "15.7.3"
  resolved "https://pkgs.dev.azure.com/dev-market/_packaging/market/npm/registry/@types/prop-types/-/prop-types-15.7.3.tgz"

"@types/react@17.0.14":
  version "17.0.14"
  resolved "https://registry.npmjs.org/@types/react/-/react-17.0.14.tgz"
  dependencies:
    "@types/prop-types" "*"
    "@types/scheduler" "*"
    csstype "^3.0.2"

"@types/scheduler@*":
  version "0.16.2"
  resolved "https://registry.npmjs.org/@types/scheduler/-/scheduler-0.16.2.tgz"

"@xstate/react@1.5.1":
  version "1.5.1"
  resolved "https://registry.npmjs.org/@xstate/react/-/react-1.5.1.tgz"
  dependencies:
    use-isomorphic-layout-effect "^1.0.0"
    use-subscription "^1.3.0"

acorn-node@^1.6.1:
  version "1.8.2"
  resolved "https://pkgs.dev.azure.com/dev-market/_packaging/market/npm/registry/acorn-node/-/acorn-node-1.8.2.tgz"
  dependencies:
    acorn "^7.0.0"
    acorn-walk "^7.0.0"
    xtend "^4.0.2"

acorn-walk@^7.0.0:
  version "7.1.1"
  resolved "https://pkgs.dev.azure.com/dev-market/_packaging/market/npm/registry/acorn-walk/-/acorn-walk-7.1.1.tgz"

acorn@^7.0.0:
  version "7.1.1"
  resolved "https://pkgs.dev.azure.com/dev-market/_packaging/market/npm/registry/acorn/-/acorn-7.1.1.tgz"

ansi-styles@^3.2.1:
  version "3.2.1"
  resolved "https://pkgs.dev.azure.com/dev-market/_packaging/market/npm/registry/ansi-styles/-/ansi-styles-3.2.1.tgz"
  dependencies:
    color-convert "^1.9.0"

ansi-styles@^4.1.0:
  version "4.2.1"
  resolved "https://pkgs.dev.azure.com/dev-market/_packaging/market/npm/registry/ansi-styles/-/ansi-styles-4.2.1.tgz"
  dependencies:
    "@types/color-name" "^1.1.1"
    color-convert "^2.0.1"

autoprefixer@^9.4.5, autoprefixer@^9.6.1:
  version "9.7.5"
  resolved "https://pkgs.dev.azure.com/dev-market/_packaging/market/npm/registry/autoprefixer/-/autoprefixer-9.7.5.tgz"
  dependencies:
    browserslist "^4.11.0"
    caniuse-lite "^1.0.30001036"
    chalk "^2.4.2"
    normalize-range "^0.1.2"
    num2fraction "^1.2.2"
    postcss "^7.0.27"
    postcss-value-parser "^4.0.3"

balanced-match@^1.0.0:
  version "1.0.0"
  resolved "https://pkgs.dev.azure.com/dev-market/_packaging/market/npm/registry/balanced-match/-/balanced-match-1.0.0.tgz"

brace-expansion@^1.1.7:
  version "1.1.11"
  resolved "https://pkgs.dev.azure.com/dev-market/_packaging/market/npm/registry/brace-expansion/-/brace-expansion-1.1.11.tgz"
  dependencies:
    balanced-match "^1.0.0"
    concat-map "0.0.1"

browserslist@^4.11.0, browserslist@^4.6.4:
  version "4.11.0"
  resolved "https://pkgs.dev.azure.com/dev-market/_packaging/market/npm/registry/browserslist/-/browserslist-4.11.0.tgz"
  dependencies:
    caniuse-lite "^1.0.30001035"
    electron-to-chromium "^1.3.380"
    node-releases "^1.1.52"
    pkg-up "^3.1.0"

bytes@^3.0.0:
  version "3.1.0"
  resolved "https://pkgs.dev.azure.com/dev-market/_packaging/market/npm/registry/bytes/-/bytes-3.1.0.tgz"

camelcase-css@^2.0.1:
  version "2.0.1"
  resolved "https://pkgs.dev.azure.com/dev-market/_packaging/market/npm/registry/camelcase-css/-/camelcase-css-2.0.1.tgz"

caniuse-lite@^1.0.30000981, caniuse-lite@^1.0.30001035, caniuse-lite@^1.0.30001036, caniuse-lite@^1.0.30001283:
  version "1.0.30001312"
  resolved "https://registry.yarnpkg.com/caniuse-lite/-/caniuse-lite-1.0.30001312.tgz#e11eba4b87e24d22697dae05455d5aea28550d5f"

chalk@^2.4.1, chalk@^2.4.2:
  version "2.4.2"
  resolved "https://pkgs.dev.azure.com/dev-market/_packaging/market/npm/registry/chalk/-/chalk-2.4.2.tgz"
  dependencies:
    ansi-styles "^3.2.1"
    escape-string-regexp "^1.0.5"
    supports-color "^5.3.0"

chalk@^3.0.0:
  version "3.0.0"
  resolved "https://pkgs.dev.azure.com/dev-market/_packaging/market/npm/registry/chalk/-/chalk-3.0.0.tgz"
  dependencies:
    ansi-styles "^4.1.0"
    supports-color "^7.1.0"

color-convert@^1.9.0:
  version "1.9.3"
  resolved "https://pkgs.dev.azure.com/dev-market/_packaging/market/npm/registry/color-convert/-/color-convert-1.9.3.tgz"
  dependencies:
    color-name "1.1.3"

color-convert@^2.0.1:
  version "2.0.1"
  resolved "https://pkgs.dev.azure.com/dev-market/_packaging/market/npm/registry/color-convert/-/color-convert-2.0.1.tgz"
  dependencies:
    color-name "~1.1.4"

color-name@1.1.3:
  version "1.1.3"
  resolved "https://pkgs.dev.azure.com/dev-market/_packaging/market/npm/registry/color-name/-/color-name-1.1.3.tgz"

color-name@~1.1.4:
  version "1.1.4"
  resolved "https://pkgs.dev.azure.com/dev-market/_packaging/market/npm/registry/color-name/-/color-name-1.1.4.tgz"

commander@^4.0.0:
  version "4.1.1"
  resolved "https://pkgs.dev.azure.com/dev-market/_packaging/market/npm/registry/commander/-/commander-4.1.1.tgz"

concat-map@0.0.1:
  version "0.0.1"
  resolved "https://pkgs.dev.azure.com/dev-market/_packaging/market/npm/registry/concat-map/-/concat-map-0.0.1.tgz"

css-blank-pseudo@^0.1.4:
  version "0.1.4"
  resolved "https://pkgs.dev.azure.com/dev-market/_packaging/market/npm/registry/css-blank-pseudo/-/css-blank-pseudo-0.1.4.tgz"
  dependencies:
    postcss "^7.0.5"

css-has-pseudo@^0.10.0:
  version "0.10.0"
  resolved "https://pkgs.dev.azure.com/dev-market/_packaging/market/npm/registry/css-has-pseudo/-/css-has-pseudo-0.10.0.tgz"
  dependencies:
    postcss "^7.0.6"
    postcss-selector-parser "^5.0.0-rc.4"

css-prefers-color-scheme@^3.1.1:
  version "3.1.1"
  resolved "https://pkgs.dev.azure.com/dev-market/_packaging/market/npm/registry/css-prefers-color-scheme/-/css-prefers-color-scheme-3.1.1.tgz"
  dependencies:
    postcss "^7.0.5"

css-unit-converter@^1.1.1:
  version "1.1.1"
  resolved "https://pkgs.dev.azure.com/dev-market/_packaging/market/npm/registry/css-unit-converter/-/css-unit-converter-1.1.1.tgz"

cssdb@^4.4.0:
  version "4.4.0"
  resolved "https://pkgs.dev.azure.com/dev-market/_packaging/market/npm/registry/cssdb/-/cssdb-4.4.0.tgz"

cssesc@^2.0.0:
  version "2.0.0"
  resolved "https://pkgs.dev.azure.com/dev-market/_packaging/market/npm/registry/cssesc/-/cssesc-2.0.0.tgz"

cssesc@^3.0.0:
  version "3.0.0"
  resolved "https://pkgs.dev.azure.com/dev-market/_packaging/market/npm/registry/cssesc/-/cssesc-3.0.0.tgz"

csstype@^3.0.2:
  version "3.0.8"
  resolved "https://registry.npmjs.org/csstype/-/csstype-3.0.8.tgz"

defined@^1.0.0:
  version "1.0.0"
  resolved "https://pkgs.dev.azure.com/dev-market/_packaging/market/npm/registry/defined/-/defined-1.0.0.tgz"

detective@^5.2.0:
  version "5.2.0"
  resolved "https://pkgs.dev.azure.com/dev-market/_packaging/market/npm/registry/detective/-/detective-5.2.0.tgz"
  dependencies:
    acorn-node "^1.6.1"
    defined "^1.0.0"
    minimist "^1.1.1"

electron-to-chromium@^1.3.380:
  version "1.3.390"
  resolved "https://pkgs.dev.azure.com/dev-market/_packaging/market/npm/registry/electron-to-chromium/-/electron-to-chromium-1.3.390.tgz"

escape-string-regexp@^1.0.5:
  version "1.0.5"
  resolved "https://pkgs.dev.azure.com/dev-market/_packaging/market/npm/registry/escape-string-regexp/-/escape-string-regexp-1.0.5.tgz"

find-up@^3.0.0:
  version "3.0.0"
  resolved "https://pkgs.dev.azure.com/dev-market/_packaging/market/npm/registry/find-up/-/find-up-3.0.0.tgz"
  dependencies:
    locate-path "^3.0.0"

flatten@^1.0.2:
  version "1.0.3"
  resolved "https://pkgs.dev.azure.com/dev-market/_packaging/market/npm/registry/flatten/-/flatten-1.0.3.tgz"

fs-extra@^8.0.0:
  version "8.1.0"
  resolved "https://pkgs.dev.azure.com/dev-market/_packaging/market/npm/registry/fs-extra/-/fs-extra-8.1.0.tgz"
  dependencies:
    graceful-fs "^4.2.0"
    jsonfile "^4.0.0"
    universalify "^0.1.0"

fs.realpath@^1.0.0:
  version "1.0.0"
  resolved "https://pkgs.dev.azure.com/dev-market/_packaging/market/npm/registry/fs.realpath/-/fs.realpath-1.0.0.tgz"

glob@^7.0.0, glob@^7.1.2:
  version "7.1.6"
  resolved "https://pkgs.dev.azure.com/dev-market/_packaging/market/npm/registry/glob/-/glob-7.1.6.tgz"
  dependencies:
    fs.realpath "^1.0.0"
    inflight "^1.0.4"
    inherits "2"
    minimatch "^3.0.4"
    once "^1.3.0"
    path-is-absolute "^1.0.0"

graceful-fs@^4.1.6, graceful-fs@^4.2.0:
  version "4.2.3"
  resolved "https://pkgs.dev.azure.com/dev-market/_packaging/market/npm/registry/graceful-fs/-/graceful-fs-4.2.3.tgz"

has-flag@^3.0.0:
  version "3.0.0"
  resolved "https://pkgs.dev.azure.com/dev-market/_packaging/market/npm/registry/has-flag/-/has-flag-3.0.0.tgz"

has-flag@^4.0.0:
  version "4.0.0"
  resolved "https://pkgs.dev.azure.com/dev-market/_packaging/market/npm/registry/has-flag/-/has-flag-4.0.0.tgz"

indexes-of@^1.0.1:
  version "1.0.1"
  resolved "https://pkgs.dev.azure.com/dev-market/_packaging/market/npm/registry/indexes-of/-/indexes-of-1.0.1.tgz"

inflight@^1.0.4:
  version "1.0.6"
  resolved "https://pkgs.dev.azure.com/dev-market/_packaging/market/npm/registry/inflight/-/inflight-1.0.6.tgz"
  dependencies:
    once "^1.3.0"
    wrappy "1"

inherits@2:
  version "2.0.4"
  resolved "https://registry.npmjs.org/inherits/-/inherits-2.0.4.tgz"

"js-tokens@^3.0.0 || ^4.0.0":
  version "4.0.0"
  resolved "https://pkgs.dev.azure.com/dev-market/_packaging/market/npm/registry/js-tokens/-/js-tokens-4.0.0.tgz"

jsonfile@^4.0.0:
  version "4.0.0"
  resolved "https://pkgs.dev.azure.com/dev-market/_packaging/market/npm/registry/jsonfile/-/jsonfile-4.0.0.tgz"
  optionalDependencies:
    graceful-fs "^4.1.6"

locate-path@^3.0.0:
  version "3.0.0"
  resolved "https://pkgs.dev.azure.com/dev-market/_packaging/market/npm/registry/locate-path/-/locate-path-3.0.0.tgz"
  dependencies:
    p-locate "^3.0.0"
    path-exists "^3.0.0"

lodash._reinterpolate@^3.0.0:
  version "3.0.0"
  resolved "https://pkgs.dev.azure.com/dev-market/_packaging/market/npm/registry/lodash._reinterpolate/-/lodash._reinterpolate-3.0.0.tgz"

lodash.template@^4.5.0:
  version "4.5.0"
  resolved "https://pkgs.dev.azure.com/dev-market/_packaging/market/npm/registry/lodash.template/-/lodash.template-4.5.0.tgz"
  dependencies:
    lodash._reinterpolate "^3.0.0"
    lodash.templatesettings "^4.0.0"

lodash.templatesettings@^4.0.0:
  version "4.2.0"
  resolved "https://pkgs.dev.azure.com/dev-market/_packaging/market/npm/registry/lodash.templatesettings/-/lodash.templatesettings-4.2.0.tgz"
  dependencies:
    lodash._reinterpolate "^3.0.0"

lodash.toarray@^4.4.0:
  version "4.4.0"
  resolved "https://pkgs.dev.azure.com/dev-market/_packaging/market/npm/registry/lodash.toarray/-/lodash.toarray-4.4.0.tgz"

lodash@^4.17.15:
  version "4.17.19"
  resolved "https://registry.npmjs.org/lodash/-/lodash-4.17.19.tgz"

loose-envify@^1.1.0:
  version "1.4.0"
  resolved "https://pkgs.dev.azure.com/dev-market/_packaging/market/npm/registry/loose-envify/-/loose-envify-1.4.0.tgz"
  dependencies:
    js-tokens "^3.0.0 || ^4.0.0"

minimatch@^3.0.4:
  version "3.0.4"
  resolved "https://pkgs.dev.azure.com/dev-market/_packaging/market/npm/registry/minimatch/-/minimatch-3.0.4.tgz"
  dependencies:
    brace-expansion "^1.1.7"

minimist@^1.1.1:
  version "1.2.5"
  resolved "https://pkgs.dev.azure.com/dev-market/_packaging/market/npm/registry/minimist/-/minimist-1.2.5.tgz"

nanoid@^3.1.30:
  version "3.3.1"
  resolved "https://registry.yarnpkg.com/nanoid/-/nanoid-3.3.1.tgz#6347a18cac88af88f58af0b3594b723d5e99bb35"

next@12.1.0:
  version "12.1.0"
  resolved "https://registry.yarnpkg.com/next/-/next-12.1.0.tgz#c33d753b644be92fc58e06e5a214f143da61dd5d"
  dependencies:
    "@next/env" "12.1.0"
    caniuse-lite "^1.0.30001283"
    postcss "8.4.5"
    styled-jsx "5.0.0"
    use-subscription "1.5.1"
  optionalDependencies:
    "@next/swc-android-arm64" "12.1.0"
    "@next/swc-darwin-arm64" "12.1.0"
    "@next/swc-darwin-x64" "12.1.0"
    "@next/swc-linux-arm-gnueabihf" "12.1.0"
    "@next/swc-linux-arm64-gnu" "12.1.0"
    "@next/swc-linux-arm64-musl" "12.1.0"
    "@next/swc-linux-x64-gnu" "12.1.0"
    "@next/swc-linux-x64-musl" "12.1.0"
    "@next/swc-win32-arm64-msvc" "12.1.0"
    "@next/swc-win32-ia32-msvc" "12.1.0"
    "@next/swc-win32-x64-msvc" "12.1.0"

node-emoji@^1.8.1:
  version "1.10.0"
  resolved "https://pkgs.dev.azure.com/dev-market/_packaging/market/npm/registry/node-emoji/-/node-emoji-1.10.0.tgz"
  dependencies:
    lodash.toarray "^4.4.0"

node-releases@^1.1.52:
  version "1.1.53"
  resolved "https://pkgs.dev.azure.com/dev-market/_packaging/market/npm/registry/node-releases/-/node-releases-1.1.53.tgz"

normalize-range@^0.1.2:
  version "0.1.2"
  resolved "https://pkgs.dev.azure.com/dev-market/_packaging/market/npm/registry/normalize-range/-/normalize-range-0.1.2.tgz"

normalize.css@^8.0.1:
  version "8.0.1"
  resolved "https://pkgs.dev.azure.com/dev-market/_packaging/market/npm/registry/normalize.css/-/normalize.css-8.0.1.tgz"

num2fraction@^1.2.2:
  version "1.2.2"
  resolved "https://pkgs.dev.azure.com/dev-market/_packaging/market/npm/registry/num2fraction/-/num2fraction-1.2.2.tgz"

object-assign@^4.1.1:
  version "4.1.1"
  resolved "https://pkgs.dev.azure.com/dev-market/_packaging/market/npm/registry/object-assign/-/object-assign-4.1.1.tgz"

once@^1.3.0:
  version "1.4.0"
  resolved "https://pkgs.dev.azure.com/dev-market/_packaging/market/npm/registry/once/-/once-1.4.0.tgz"
  dependencies:
    wrappy "1"

p-limit@^2.0.0:
  version "2.2.2"
  resolved "https://pkgs.dev.azure.com/dev-market/_packaging/market/npm/registry/p-limit/-/p-limit-2.2.2.tgz"
  dependencies:
    p-try "^2.0.0"

p-locate@^3.0.0:
  version "3.0.0"
  resolved "https://pkgs.dev.azure.com/dev-market/_packaging/market/npm/registry/p-locate/-/p-locate-3.0.0.tgz"
  dependencies:
    p-limit "^2.0.0"

p-try@^2.0.0:
  version "2.2.0"
  resolved "https://pkgs.dev.azure.com/dev-market/_packaging/market/npm/registry/p-try/-/p-try-2.2.0.tgz"

path-exists@^3.0.0:
  version "3.0.0"
  resolved "https://pkgs.dev.azure.com/dev-market/_packaging/market/npm/registry/path-exists/-/path-exists-3.0.0.tgz"

path-is-absolute@^1.0.0:
  version "1.0.1"
  resolved "https://pkgs.dev.azure.com/dev-market/_packaging/market/npm/registry/path-is-absolute/-/path-is-absolute-1.0.1.tgz"

path-parse@^1.0.6:
  version "1.0.6"
  resolved "https://pkgs.dev.azure.com/dev-market/_packaging/market/npm/registry/path-parse/-/path-parse-1.0.6.tgz"

picocolors@^1.0.0:
  version "1.0.0"
  resolved "https://registry.yarnpkg.com/picocolors/-/picocolors-1.0.0.tgz#cb5bdc74ff3f51892236eaf79d68bc44564ab81c"

pkg-up@^3.1.0:
  version "3.1.0"
  resolved "https://pkgs.dev.azure.com/dev-market/_packaging/market/npm/registry/pkg-up/-/pkg-up-3.1.0.tgz"
  dependencies:
    find-up "^3.0.0"

postcss-attribute-case-insensitive@^4.0.1:
  version "4.0.2"
  resolved "https://pkgs.dev.azure.com/dev-market/_packaging/market/npm/registry/postcss-attribute-case-insensitive/-/postcss-attribute-case-insensitive-4.0.2.tgz"
  dependencies:
    postcss "^7.0.2"
    postcss-selector-parser "^6.0.2"

postcss-color-functional-notation@^2.0.1:
  version "2.0.1"
  resolved "https://pkgs.dev.azure.com/dev-market/_packaging/market/npm/registry/postcss-color-functional-notation/-/postcss-color-functional-notation-2.0.1.tgz"
  dependencies:
    postcss "^7.0.2"
    postcss-values-parser "^2.0.0"

postcss-color-gray@^5.0.0:
  version "5.0.0"
  resolved "https://pkgs.dev.azure.com/dev-market/_packaging/market/npm/registry/postcss-color-gray/-/postcss-color-gray-5.0.0.tgz"
  dependencies:
    "@csstools/convert-colors" "^1.4.0"
    postcss "^7.0.5"
    postcss-values-parser "^2.0.0"

postcss-color-hex-alpha@^5.0.3:
  version "5.0.3"
  resolved "https://pkgs.dev.azure.com/dev-market/_packaging/market/npm/registry/postcss-color-hex-alpha/-/postcss-color-hex-alpha-5.0.3.tgz"
  dependencies:
    postcss "^7.0.14"
    postcss-values-parser "^2.0.1"

postcss-color-mod-function@^3.0.3:
  version "3.0.3"
  resolved "https://pkgs.dev.azure.com/dev-market/_packaging/market/npm/registry/postcss-color-mod-function/-/postcss-color-mod-function-3.0.3.tgz"
  dependencies:
    "@csstools/convert-colors" "^1.4.0"
    postcss "^7.0.2"
    postcss-values-parser "^2.0.0"

postcss-color-rebeccapurple@^4.0.1:
  version "4.0.1"
  resolved "https://pkgs.dev.azure.com/dev-market/_packaging/market/npm/registry/postcss-color-rebeccapurple/-/postcss-color-rebeccapurple-4.0.1.tgz"
  dependencies:
    postcss "^7.0.2"
    postcss-values-parser "^2.0.0"

postcss-custom-media@^7.0.8:
  version "7.0.8"
  resolved "https://pkgs.dev.azure.com/dev-market/_packaging/market/npm/registry/postcss-custom-media/-/postcss-custom-media-7.0.8.tgz"
  dependencies:
    postcss "^7.0.14"

postcss-custom-properties@^8.0.11:
  version "8.0.11"
  resolved "https://pkgs.dev.azure.com/dev-market/_packaging/market/npm/registry/postcss-custom-properties/-/postcss-custom-properties-8.0.11.tgz"
  dependencies:
    postcss "^7.0.17"
    postcss-values-parser "^2.0.1"

postcss-custom-selectors@^5.1.2:
  version "5.1.2"
  resolved "https://pkgs.dev.azure.com/dev-market/_packaging/market/npm/registry/postcss-custom-selectors/-/postcss-custom-selectors-5.1.2.tgz"
  dependencies:
    postcss "^7.0.2"
    postcss-selector-parser "^5.0.0-rc.3"

postcss-dir-pseudo-class@^5.0.0:
  version "5.0.0"
  resolved "https://pkgs.dev.azure.com/dev-market/_packaging/market/npm/registry/postcss-dir-pseudo-class/-/postcss-dir-pseudo-class-5.0.0.tgz"
  dependencies:
    postcss "^7.0.2"
    postcss-selector-parser "^5.0.0-rc.3"

postcss-double-position-gradients@^1.0.0:
  version "1.0.0"
  resolved "https://pkgs.dev.azure.com/dev-market/_packaging/market/npm/registry/postcss-double-position-gradients/-/postcss-double-position-gradients-1.0.0.tgz"
  dependencies:
    postcss "^7.0.5"
    postcss-values-parser "^2.0.0"

postcss-env-function@^2.0.2:
  version "2.0.2"
  resolved "https://pkgs.dev.azure.com/dev-market/_packaging/market/npm/registry/postcss-env-function/-/postcss-env-function-2.0.2.tgz"
  dependencies:
    postcss "^7.0.2"
    postcss-values-parser "^2.0.0"

postcss-focus-visible@^4.0.0:
  version "4.0.0"
  resolved "https://pkgs.dev.azure.com/dev-market/_packaging/market/npm/registry/postcss-focus-visible/-/postcss-focus-visible-4.0.0.tgz"
  dependencies:
    postcss "^7.0.2"

postcss-focus-within@^3.0.0:
  version "3.0.0"
  resolved "https://pkgs.dev.azure.com/dev-market/_packaging/market/npm/registry/postcss-focus-within/-/postcss-focus-within-3.0.0.tgz"
  dependencies:
    postcss "^7.0.2"

postcss-font-variant@^4.0.0:
  version "4.0.0"
  resolved "https://pkgs.dev.azure.com/dev-market/_packaging/market/npm/registry/postcss-font-variant/-/postcss-font-variant-4.0.0.tgz"
  dependencies:
    postcss "^7.0.2"

postcss-functions@^3.0.0:
  version "3.0.0"
  resolved "https://pkgs.dev.azure.com/dev-market/_packaging/market/npm/registry/postcss-functions/-/postcss-functions-3.0.0.tgz"
  dependencies:
    glob "^7.1.2"
    object-assign "^4.1.1"
    postcss "^6.0.9"
    postcss-value-parser "^3.3.0"

postcss-gap-properties@^2.0.0:
  version "2.0.0"
  resolved "https://pkgs.dev.azure.com/dev-market/_packaging/market/npm/registry/postcss-gap-properties/-/postcss-gap-properties-2.0.0.tgz"
  dependencies:
    postcss "^7.0.2"

postcss-image-set-function@^3.0.1:
  version "3.0.1"
  resolved "https://pkgs.dev.azure.com/dev-market/_packaging/market/npm/registry/postcss-image-set-function/-/postcss-image-set-function-3.0.1.tgz"
  dependencies:
    postcss "^7.0.2"
    postcss-values-parser "^2.0.0"

postcss-initial@^3.0.0:
  version "3.0.2"
  resolved "https://pkgs.dev.azure.com/dev-market/_packaging/market/npm/registry/postcss-initial/-/postcss-initial-3.0.2.tgz"
  dependencies:
    lodash.template "^4.5.0"
    postcss "^7.0.2"

postcss-js@^2.0.0:
  version "2.0.3"
  resolved "https://pkgs.dev.azure.com/dev-market/_packaging/market/npm/registry/postcss-js/-/postcss-js-2.0.3.tgz"
  dependencies:
    camelcase-css "^2.0.1"
    postcss "^7.0.18"

postcss-lab-function@^2.0.1:
  version "2.0.1"
  resolved "https://pkgs.dev.azure.com/dev-market/_packaging/market/npm/registry/postcss-lab-function/-/postcss-lab-function-2.0.1.tgz"
  dependencies:
    "@csstools/convert-colors" "^1.4.0"
    postcss "^7.0.2"
    postcss-values-parser "^2.0.0"

postcss-logical@^3.0.0:
  version "3.0.0"
  resolved "https://pkgs.dev.azure.com/dev-market/_packaging/market/npm/registry/postcss-logical/-/postcss-logical-3.0.0.tgz"
  dependencies:
    postcss "^7.0.2"

postcss-media-minmax@^4.0.0:
  version "4.0.0"
  resolved "https://pkgs.dev.azure.com/dev-market/_packaging/market/npm/registry/postcss-media-minmax/-/postcss-media-minmax-4.0.0.tgz"
  dependencies:
    postcss "^7.0.2"

postcss-nested@^4.1.1:
  version "4.2.1"
  resolved "https://pkgs.dev.azure.com/dev-market/_packaging/market/npm/registry/postcss-nested/-/postcss-nested-4.2.1.tgz"
  dependencies:
    postcss "^7.0.21"
    postcss-selector-parser "^6.0.2"

postcss-nesting@^7.0.0:
  version "7.0.1"
  resolved "https://pkgs.dev.azure.com/dev-market/_packaging/market/npm/registry/postcss-nesting/-/postcss-nesting-7.0.1.tgz"
  dependencies:
    postcss "^7.0.2"

postcss-overflow-shorthand@^2.0.0:
  version "2.0.0"
  resolved "https://pkgs.dev.azure.com/dev-market/_packaging/market/npm/registry/postcss-overflow-shorthand/-/postcss-overflow-shorthand-2.0.0.tgz"
  dependencies:
    postcss "^7.0.2"

postcss-page-break@^2.0.0:
  version "2.0.0"
  resolved "https://pkgs.dev.azure.com/dev-market/_packaging/market/npm/registry/postcss-page-break/-/postcss-page-break-2.0.0.tgz"
  dependencies:
    postcss "^7.0.2"

postcss-place@^4.0.1:
  version "4.0.1"
  resolved "https://pkgs.dev.azure.com/dev-market/_packaging/market/npm/registry/postcss-place/-/postcss-place-4.0.1.tgz"
  dependencies:
    postcss "^7.0.2"
    postcss-values-parser "^2.0.0"

postcss-preset-env@6.7.0:
  version "6.7.0"
  resolved "https://pkgs.dev.azure.com/dev-market/_packaging/market/npm/registry/postcss-preset-env/-/postcss-preset-env-6.7.0.tgz"
  dependencies:
    autoprefixer "^9.6.1"
    browserslist "^4.6.4"
    caniuse-lite "^1.0.30000981"
    css-blank-pseudo "^0.1.4"
    css-has-pseudo "^0.10.0"
    css-prefers-color-scheme "^3.1.1"
    cssdb "^4.4.0"
    postcss "^7.0.17"
    postcss-attribute-case-insensitive "^4.0.1"
    postcss-color-functional-notation "^2.0.1"
    postcss-color-gray "^5.0.0"
    postcss-color-hex-alpha "^5.0.3"
    postcss-color-mod-function "^3.0.3"
    postcss-color-rebeccapurple "^4.0.1"
    postcss-custom-media "^7.0.8"
    postcss-custom-properties "^8.0.11"
    postcss-custom-selectors "^5.1.2"
    postcss-dir-pseudo-class "^5.0.0"
    postcss-double-position-gradients "^1.0.0"
    postcss-env-function "^2.0.2"
    postcss-focus-visible "^4.0.0"
    postcss-focus-within "^3.0.0"
    postcss-font-variant "^4.0.0"
    postcss-gap-properties "^2.0.0"
    postcss-image-set-function "^3.0.1"
    postcss-initial "^3.0.0"
    postcss-lab-function "^2.0.1"
    postcss-logical "^3.0.0"
    postcss-media-minmax "^4.0.0"
    postcss-nesting "^7.0.0"
    postcss-overflow-shorthand "^2.0.0"
    postcss-page-break "^2.0.0"
    postcss-place "^4.0.1"
    postcss-pseudo-class-any-link "^6.0.0"
    postcss-replace-overflow-wrap "^3.0.0"
    postcss-selector-matches "^4.0.0"
    postcss-selector-not "^4.0.0"

postcss-pseudo-class-any-link@^6.0.0:
  version "6.0.0"
  resolved "https://pkgs.dev.azure.com/dev-market/_packaging/market/npm/registry/postcss-pseudo-class-any-link/-/postcss-pseudo-class-any-link-6.0.0.tgz"
  dependencies:
    postcss "^7.0.2"
    postcss-selector-parser "^5.0.0-rc.3"

postcss-replace-overflow-wrap@^3.0.0:
  version "3.0.0"
  resolved "https://pkgs.dev.azure.com/dev-market/_packaging/market/npm/registry/postcss-replace-overflow-wrap/-/postcss-replace-overflow-wrap-3.0.0.tgz"
  dependencies:
    postcss "^7.0.2"

postcss-selector-matches@^4.0.0:
  version "4.0.0"
  resolved "https://pkgs.dev.azure.com/dev-market/_packaging/market/npm/registry/postcss-selector-matches/-/postcss-selector-matches-4.0.0.tgz"
  dependencies:
    balanced-match "^1.0.0"
    postcss "^7.0.2"

postcss-selector-not@^4.0.0:
  version "4.0.0"
  resolved "https://pkgs.dev.azure.com/dev-market/_packaging/market/npm/registry/postcss-selector-not/-/postcss-selector-not-4.0.0.tgz"
  dependencies:
    balanced-match "^1.0.0"
    postcss "^7.0.2"

postcss-selector-parser@^5.0.0-rc.3, postcss-selector-parser@^5.0.0-rc.4:
  version "5.0.0"
  resolved "https://pkgs.dev.azure.com/dev-market/_packaging/market/npm/registry/postcss-selector-parser/-/postcss-selector-parser-5.0.0.tgz"
  dependencies:
    cssesc "^2.0.0"
    indexes-of "^1.0.1"
    uniq "^1.0.1"

postcss-selector-parser@^6.0.0, postcss-selector-parser@^6.0.2:
  version "6.0.2"
  resolved "https://pkgs.dev.azure.com/dev-market/_packaging/market/npm/registry/postcss-selector-parser/-/postcss-selector-parser-6.0.2.tgz"
  dependencies:
    cssesc "^3.0.0"
    indexes-of "^1.0.1"
    uniq "^1.0.1"

postcss-value-parser@^3.3.0:
  version "3.3.1"
  resolved "https://pkgs.dev.azure.com/dev-market/_packaging/market/npm/registry/postcss-value-parser/-/postcss-value-parser-3.3.1.tgz"

postcss-value-parser@^4.0.3:
  version "4.0.3"
  resolved "https://pkgs.dev.azure.com/dev-market/_packaging/market/npm/registry/postcss-value-parser/-/postcss-value-parser-4.0.3.tgz"

postcss-values-parser@^2.0.0, postcss-values-parser@^2.0.1:
  version "2.0.1"
  resolved "https://pkgs.dev.azure.com/dev-market/_packaging/market/npm/registry/postcss-values-parser/-/postcss-values-parser-2.0.1.tgz"
  dependencies:
    flatten "^1.0.2"
    indexes-of "^1.0.1"
    uniq "^1.0.1"

postcss@7.0.27, postcss@^7.0.11, postcss@^7.0.14, postcss@^7.0.17, postcss@^7.0.18, postcss@^7.0.2, postcss@^7.0.21, postcss@^7.0.27, postcss@^7.0.5, postcss@^7.0.6:
  version "7.0.27"
  resolved "https://pkgs.dev.azure.com/dev-market/_packaging/market/npm/registry/postcss/-/postcss-7.0.27.tgz"
  dependencies:
    chalk "^2.4.2"
    source-map "^0.6.1"
    supports-color "^6.1.0"

postcss@8.4.5:
  version "8.4.5"
  resolved "https://registry.yarnpkg.com/postcss/-/postcss-8.4.5.tgz#bae665764dfd4c6fcc24dc0fdf7e7aa00cc77f95"
  dependencies:
    nanoid "^3.1.30"
    picocolors "^1.0.0"
    source-map-js "^1.0.1"

postcss@^6.0.9:
  version "6.0.23"
  resolved "https://pkgs.dev.azure.com/dev-market/_packaging/market/npm/registry/postcss/-/postcss-6.0.23.tgz"
  dependencies:
    chalk "^2.4.1"
    source-map "^0.6.1"
    supports-color "^5.4.0"

pretty-hrtime@^1.0.3:
  version "1.0.3"
  resolved "https://pkgs.dev.azure.com/dev-market/_packaging/market/npm/registry/pretty-hrtime/-/pretty-hrtime-1.0.3.tgz"

purgecss@^2.1.0:
  version "2.1.0"
  resolved "https://pkgs.dev.azure.com/dev-market/_packaging/market/npm/registry/purgecss/-/purgecss-2.1.0.tgz"
  dependencies:
    commander "^4.0.0"
    glob "^7.0.0"
    postcss "7.0.27"
    postcss-selector-parser "^6.0.2"

react-dom@17.0.2:
  version "17.0.2"
  resolved "https://registry.npmjs.org/react-dom/-/react-dom-17.0.2.tgz"
  dependencies:
    loose-envify "^1.1.0"
    object-assign "^4.1.1"
    scheduler "^0.20.2"

react@17.0.2:
  version "17.0.2"
  resolved "https://registry.npmjs.org/react/-/react-17.0.2.tgz"
  dependencies:
    loose-envify "^1.1.0"
    object-assign "^4.1.1"

reduce-css-calc@^2.1.6:
  version "2.1.7"
  resolved "https://pkgs.dev.azure.com/dev-market/_packaging/market/npm/registry/reduce-css-calc/-/reduce-css-calc-2.1.7.tgz"
  dependencies:
    css-unit-converter "^1.1.1"
    postcss-value-parser "^3.3.0"

resolve@^1.14.2:
  version "1.15.1"
  resolved "https://pkgs.dev.azure.com/dev-market/_packaging/market/npm/registry/resolve/-/resolve-1.15.1.tgz"
  dependencies:
    path-parse "^1.0.6"

scheduler@^0.20.2:
  version "0.20.2"
  resolved "https://registry.npmjs.org/scheduler/-/scheduler-0.20.2.tgz"
  dependencies:
    loose-envify "^1.1.0"
    object-assign "^4.1.1"

source-map-js@^1.0.1:
  version "1.0.2"
  resolved "https://registry.yarnpkg.com/source-map-js/-/source-map-js-1.0.2.tgz#adbc361d9c62df380125e7f161f71c826f1e490c"

source-map@^0.6.1:
  version "0.6.1"
  resolved "https://pkgs.dev.azure.com/dev-market/_packaging/market/npm/registry/source-map/-/source-map-0.6.1.tgz"

styled-jsx@5.0.0:
  version "5.0.0"
  resolved "https://registry.yarnpkg.com/styled-jsx/-/styled-jsx-5.0.0.tgz#816b4b92e07b1786c6b7111821750e0ba4d26e77"

supports-color@^5.3.0, supports-color@^5.4.0:
  version "5.5.0"
  resolved "https://pkgs.dev.azure.com/dev-market/_packaging/market/npm/registry/supports-color/-/supports-color-5.5.0.tgz"
  dependencies:
    has-flag "^3.0.0"

supports-color@^6.1.0:
  version "6.1.0"
  resolved "https://pkgs.dev.azure.com/dev-market/_packaging/market/npm/registry/supports-color/-/supports-color-6.1.0.tgz"
  dependencies:
    has-flag "^3.0.0"

supports-color@^7.1.0:
  version "7.1.0"
  resolved "https://pkgs.dev.azure.com/dev-market/_packaging/market/npm/registry/supports-color/-/supports-color-7.1.0.tgz"
  dependencies:
    has-flag "^4.0.0"

tailwindcss@1.2.0:
  version "1.2.0"
  resolved "https://pkgs.dev.azure.com/dev-market/_packaging/market/npm/registry/tailwindcss/-/tailwindcss-1.2.0.tgz"
  dependencies:
    autoprefixer "^9.4.5"
    bytes "^3.0.0"
    chalk "^3.0.0"
    detective "^5.2.0"
    fs-extra "^8.0.0"
    lodash "^4.17.15"
    node-emoji "^1.8.1"
    normalize.css "^8.0.1"
    postcss "^7.0.11"
    postcss-functions "^3.0.0"
    postcss-js "^2.0.0"
    postcss-nested "^4.1.1"
    postcss-selector-parser "^6.0.0"
    pretty-hrtime "^1.0.3"
    reduce-css-calc "^2.1.6"
    resolve "^1.14.2"

typescript@4.3.5:
  version "4.3.5"
  resolved "https://registry.npmjs.org/typescript/-/typescript-4.3.5.tgz"

uniq@^1.0.1:
  version "1.0.1"
  resolved "https://pkgs.dev.azure.com/dev-market/_packaging/market/npm/registry/uniq/-/uniq-1.0.1.tgz"

universalify@^0.1.0:
  version "0.1.2"
  resolved "https://pkgs.dev.azure.com/dev-market/_packaging/market/npm/registry/universalify/-/universalify-0.1.2.tgz"

use-isomorphic-layout-effect@^1.0.0:
  version "1.1.1"
  resolved "https://registry.npmjs.org/use-isomorphic-layout-effect/-/use-isomorphic-layout-effect-1.1.1.tgz"

use-subscription@1.5.1, use-subscription@^1.3.0:
  version "1.5.1"
  resolved "https://registry.npmjs.org/use-subscription/-/use-subscription-1.5.1.tgz"
  dependencies:
    object-assign "^4.1.1"

wrappy@1:
  version "1.0.2"
  resolved "https://pkgs.dev.azure.com/dev-market/_packaging/market/npm/registry/wrappy/-/wrappy-1.0.2.tgz"

xstate@^4.8.0:
  version "4.8.0"
  resolved "https://pkgs.dev.azure.com/dev-market/_packaging/market/npm/registry/xstate/-/xstate-4.8.0.tgz"

xtend@^4.0.2:
  version "4.0.2"
  resolved "https://pkgs.dev.azure.com/dev-market/_packaging/market/npm/registry/xtend/-/xtend-4.0.2.tgz"
